
Microsoft Visual Studio Solution File, Format Version 12.00
# Visual Studio Version 16
VisualStudioVersion = 16.0.32602.291
MinimumVisualStudioVersion = 10.0.40219.1
Project("{FAE04EC0-301F-11D3-BF4B-00C04F79EFBC}") = "Megatech.Nafsc.Data", "Megatech.Nafsc.Data\Megatech.Nafsc.Data.csproj", "{F9B9D567-C9D3-46CA-936F-8D5AA023D8FC}"
EndProject
Project("{54435603-DBB4-11D2-8724-00A0C9A8B90C}") = "Megatech.Nafsc.Setup", "Megatech.Nafsc.Setup\Megatech.Nafsc.Setup.vdproj", "{A0D8B124-C09F-463E-9060-67E3DE33B8A1}"
EndProject
Project("{FAE04EC0-301F-11D3-BF4B-00C04F79EFBC}") = "Megatech.FMS.WebAPI", "Megatech.Nafsc.WebApi\Megatech.FMS.WebAPI.csproj", "{768EEA9A-99E3-4B5A-B028-3EED1F65BD16}"
EndProject
Project("{FAE04EC0-301F-11D3-BF4B-00C04F79EFBC}") = "Megatech.NAFSC.DataExport", "Megatech.NAFSC.Exporter\Megatech.NAFSC.DataExport.csproj", "{88AF1F3A-A264-483C-9F63-CB2C8465D9F3}"
EndProject
Project("{FAE04EC0-301F-11D3-BF4B-00C04F79EFBC}") = "Megatech.NAFSC.WPFApp.v2", "Megatech.NAFSC.WPFApp.v2\Megatech.NAFSC.WPFApp.v2.csproj", "{71A56303-C495-4211-9521-F3098210F687}"
EndProject
Global
	GlobalSection(SolutionConfigurationPlatforms) = preSolution
		All|Any CPU = All|Any CPU
		All|ARM = All|ARM
		All|x64 = All|x64
		All|x86 = All|x86
		Debug|Any CPU = Debug|Any CPU
		Debug|ARM = Debug|ARM
		Debug|x64 = Debug|x64
		Debug|x86 = Debug|x86
		Release|Any CPU = Release|Any CPU
		Release|ARM = Release|ARM
		Release|x64 = Release|x64
		Release|x86 = Release|x86
		Test|Any CPU = Test|Any CPU
		Test|ARM = Test|ARM
		Test|x64 = Test|x64
		Test|x86 = Test|x86
	EndGlobalSection
	GlobalSection(ProjectConfigurationPlatforms) = postSolution
		{F9B9D567-C9D3-46CA-936F-8D5AA023D8FC}.All|Any CPU.ActiveCfg = Release|Any CPU
		{F9B9D567-C9D3-46CA-936F-8D5AA023D8FC}.All|Any CPU.Build.0 = Release|Any CPU
		{F9B9D567-C9D3-46CA-936F-8D5AA023D8FC}.All|ARM.ActiveCfg = Release|Any CPU
		{F9B9D567-C9D3-46CA-936F-8D5AA023D8FC}.All|ARM.Build.0 = Release|Any CPU
		{F9B9D567-C9D3-46CA-936F-8D5AA023D8FC}.All|x64.ActiveCfg = Release|Any CPU
		{F9B9D567-C9D3-46CA-936F-8D5AA023D8FC}.All|x64.Build.0 = Release|Any CPU
		{F9B9D567-C9D3-46CA-936F-8D5AA023D8FC}.All|x86.ActiveCfg = Release|Any CPU
		{F9B9D567-C9D3-46CA-936F-8D5AA023D8FC}.All|x86.Build.0 = Release|Any CPU
		{F9B9D567-C9D3-46CA-936F-8D5AA023D8FC}.Debug|Any CPU.ActiveCfg = Debug|Any CPU
		{F9B9D567-C9D3-46CA-936F-8D5AA023D8FC}.Debug|Any CPU.Build.0 = Debug|Any CPU
		{F9B9D567-C9D3-46CA-936F-8D5AA023D8FC}.Debug|ARM.ActiveCfg = Debug|Any CPU
		{F9B9D567-C9D3-46CA-936F-8D5AA023D8FC}.Debug|ARM.Build.0 = Debug|Any CPU
		{F9B9D567-C9D3-46CA-936F-8D5AA023D8FC}.Debug|x64.ActiveCfg = Debug|Any CPU
		{F9B9D567-C9D3-46CA-936F-8D5AA023D8FC}.Debug|x64.Build.0 = Debug|Any CPU
		{F9B9D567-C9D3-46CA-936F-8D5AA023D8FC}.Debug|x86.ActiveCfg = Debug|Any CPU
		{F9B9D567-C9D3-46CA-936F-8D5AA023D8FC}.Debug|x86.Build.0 = Debug|Any CPU
		{F9B9D567-C9D3-46CA-936F-8D5AA023D8FC}.Release|Any CPU.ActiveCfg = Release|Any CPU
		{F9B9D567-C9D3-46CA-936F-8D5AA023D8FC}.Release|Any CPU.Build.0 = Release|Any CPU
		{F9B9D567-C9D3-46CA-936F-8D5AA023D8FC}.Release|ARM.ActiveCfg = Release|Any CPU
		{F9B9D567-C9D3-46CA-936F-8D5AA023D8FC}.Release|ARM.Build.0 = Release|Any CPU
		{F9B9D567-C9D3-46CA-936F-8D5AA023D8FC}.Release|x64.ActiveCfg = Release|Any CPU
		{F9B9D567-C9D3-46CA-936F-8D5AA023D8FC}.Release|x64.Build.0 = Release|Any CPU
		{F9B9D567-C9D3-46CA-936F-8D5AA023D8FC}.Release|x86.ActiveCfg = Release|Any CPU
		{F9B9D567-C9D3-46CA-936F-8D5AA023D8FC}.Release|x86.Build.0 = Release|Any CPU
		{F9B9D567-C9D3-46CA-936F-8D5AA023D8FC}.Test|Any CPU.ActiveCfg = Test|Any CPU
		{F9B9D567-C9D3-46CA-936F-8D5AA023D8FC}.Test|Any CPU.Build.0 = Test|Any CPU
		{F9B9D567-C9D3-46CA-936F-8D5AA023D8FC}.Test|ARM.ActiveCfg = Test|Any CPU
		{F9B9D567-C9D3-46CA-936F-8D5AA023D8FC}.Test|ARM.Build.0 = Test|Any CPU
		{F9B9D567-C9D3-46CA-936F-8D5AA023D8FC}.Test|x64.ActiveCfg = Test|Any CPU
		{F9B9D567-C9D3-46CA-936F-8D5AA023D8FC}.Test|x64.Build.0 = Test|Any CPU
		{F9B9D567-C9D3-46CA-936F-8D5AA023D8FC}.Test|x86.ActiveCfg = Test|Any CPU
		{F9B9D567-C9D3-46CA-936F-8D5AA023D8FC}.Test|x86.Build.0 = Test|Any CPU
		{A0D8B124-C09F-463E-9060-67E3DE33B8A1}.All|Any CPU.ActiveCfg = Release
		{A0D8B124-C09F-463E-9060-67E3DE33B8A1}.All|ARM.ActiveCfg = Release
		{A0D8B124-C09F-463E-9060-67E3DE33B8A1}.All|x64.ActiveCfg = Release
		{A0D8B124-C09F-463E-9060-67E3DE33B8A1}.All|x86.ActiveCfg = Release
		{A0D8B124-C09F-463E-9060-67E3DE33B8A1}.Debug|Any CPU.ActiveCfg = Debug
		{A0D8B124-C09F-463E-9060-67E3DE33B8A1}.Debug|ARM.ActiveCfg = Debug
		{A0D8B124-C09F-463E-9060-67E3DE33B8A1}.Debug|x64.ActiveCfg = Debug
		{A0D8B124-C09F-463E-9060-67E3DE33B8A1}.Debug|x86.ActiveCfg = Debug
		{A0D8B124-C09F-463E-9060-67E3DE33B8A1}.Release|Any CPU.ActiveCfg = Release
		{A0D8B124-C09F-463E-9060-67E3DE33B8A1}.Release|ARM.ActiveCfg = Release
		{A0D8B124-C09F-463E-9060-67E3DE33B8A1}.Release|x64.ActiveCfg = Release
		{A0D8B124-C09F-463E-9060-67E3DE33B8A1}.Release|x86.ActiveCfg = Release
		{A0D8B124-C09F-463E-9060-67E3DE33B8A1}.Test|Any CPU.ActiveCfg = Test
		{A0D8B124-C09F-463E-9060-67E3DE33B8A1}.Test|ARM.ActiveCfg = Test
		{A0D8B124-C09F-463E-9060-67E3DE33B8A1}.Test|ARM.Build.0 = Test
		{A0D8B124-C09F-463E-9060-67E3DE33B8A1}.Test|x64.ActiveCfg = Test
		{A0D8B124-C09F-463E-9060-67E3DE33B8A1}.Test|x64.Build.0 = Test
		{A0D8B124-C09F-463E-9060-67E3DE33B8A1}.Test|x86.ActiveCfg = Test
		{A0D8B124-C09F-463E-9060-67E3DE33B8A1}.Test|x86.Build.0 = Test
		{768EEA9A-99E3-4B5A-B028-3EED1F65BD16}.All|Any CPU.ActiveCfg = Release|Any CPU
		{768EEA9A-99E3-4B5A-B028-3EED1F65BD16}.All|Any CPU.Build.0 = Release|Any CPU
		{768EEA9A-99E3-4B5A-B028-3EED1F65BD16}.All|ARM.ActiveCfg = Release|Any CPU
		{768EEA9A-99E3-4B5A-B028-3EED1F65BD16}.All|ARM.Build.0 = Release|Any CPU
		{768EEA9A-99E3-4B5A-B028-3EED1F65BD16}.All|x64.ActiveCfg = Release|Any CPU
		{768EEA9A-99E3-4B5A-B028-3EED1F65BD16}.All|x64.Build.0 = Release|Any CPU
		{768EEA9A-99E3-4B5A-B028-3EED1F65BD16}.All|x86.ActiveCfg = Release|Any CPU
		{768EEA9A-99E3-4B5A-B028-3EED1F65BD16}.All|x86.Build.0 = Release|Any CPU
		{768EEA9A-99E3-4B5A-B028-3EED1F65BD16}.Debug|Any CPU.ActiveCfg = Debug|Any CPU
		{768EEA9A-99E3-4B5A-B028-3EED1F65BD16}.Debug|Any CPU.Build.0 = Debug|Any CPU
		{768EEA9A-99E3-4B5A-B028-3EED1F65BD16}.Debug|ARM.ActiveCfg = Debug|Any CPU
		{768EEA9A-99E3-4B5A-B028-3EED1F65BD16}.Debug|ARM.Build.0 = Debug|Any CPU
		{768EEA9A-99E3-4B5A-B028-3EED1F65BD16}.Debug|x64.ActiveCfg = Debug|Any CPU
		{768EEA9A-99E3-4B5A-B028-3EED1F65BD16}.Debug|x64.Build.0 = Debug|Any CPU
		{768EEA9A-99E3-4B5A-B028-3EED1F65BD16}.Debug|x86.ActiveCfg = Debug|Any CPU
		{768EEA9A-99E3-4B5A-B028-3EED1F65BD16}.Debug|x86.Build.0 = Debug|Any CPU
		{768EEA9A-99E3-4B5A-B028-3EED1F65BD16}.Release|Any CPU.ActiveCfg = Release|Any CPU
		{768EEA9A-99E3-4B5A-B028-3EED1F65BD16}.Release|Any CPU.Build.0 = Release|Any CPU
		{768EEA9A-99E3-4B5A-B028-3EED1F65BD16}.Release|ARM.ActiveCfg = Release|Any CPU
		{768EEA9A-99E3-4B5A-B028-3EED1F65BD16}.Release|ARM.Build.0 = Release|Any CPU
		{768EEA9A-99E3-4B5A-B028-3EED1F65BD16}.Release|x64.ActiveCfg = Release|Any CPU
		{768EEA9A-99E3-4B5A-B028-3EED1F65BD16}.Release|x64.Build.0 = Release|Any CPU
		{768EEA9A-99E3-4B5A-B028-3EED1F65BD16}.Release|x86.ActiveCfg = Release|Any CPU
		{768EEA9A-99E3-4B5A-B028-3EED1F65BD16}.Release|x86.Build.0 = Release|Any CPU
		{768EEA9A-99E3-4B5A-B028-3EED1F65BD16}.Test|Any CPU.ActiveCfg = Test|Any CPU
		{768EEA9A-99E3-4B5A-B028-3EED1F65BD16}.Test|Any CPU.Build.0 = Test|Any CPU
		{768EEA9A-99E3-4B5A-B028-3EED1F65BD16}.Test|ARM.ActiveCfg = Test|Any CPU
		{768EEA9A-99E3-4B5A-B028-3EED1F65BD16}.Test|ARM.Build.0 = Test|Any CPU
		{768EEA9A-99E3-4B5A-B028-3EED1F65BD16}.Test|x64.ActiveCfg = Test|Any CPU
		{768EEA9A-99E3-4B5A-B028-3EED1F65BD16}.Test|x64.Build.0 = Test|Any CPU
		{768EEA9A-99E3-4B5A-B028-3EED1F65BD16}.Test|x86.ActiveCfg = Test|Any CPU
		{768EEA9A-99E3-4B5A-B028-3EED1F65BD16}.Test|x86.Build.0 = Test|Any CPU
		{88AF1F3A-A264-483C-9F63-CB2C8465D9F3}.All|Any CPU.ActiveCfg = Debug|Any CPU
		{88AF1F3A-A264-483C-9F63-CB2C8465D9F3}.All|Any CPU.Build.0 = Debug|Any CPU
		{88AF1F3A-A264-483C-9F63-CB2C8465D9F3}.All|ARM.ActiveCfg = Debug|Any CPU
		{88AF1F3A-A264-483C-9F63-CB2C8465D9F3}.All|ARM.Build.0 = Debug|Any CPU
		{88AF1F3A-A264-483C-9F63-CB2C8465D9F3}.All|x64.ActiveCfg = Debug|Any CPU
		{88AF1F3A-A264-483C-9F63-CB2C8465D9F3}.All|x64.Build.0 = Debug|Any CPU
		{88AF1F3A-A264-483C-9F63-CB2C8465D9F3}.All|x86.ActiveCfg = Debug|Any CPU
		{88AF1F3A-A264-483C-9F63-CB2C8465D9F3}.All|x86.Build.0 = Debug|Any CPU
		{88AF1F3A-A264-483C-9F63-CB2C8465D9F3}.Debug|Any CPU.ActiveCfg = Debug|Any CPU
		{88AF1F3A-A264-483C-9F63-CB2C8465D9F3}.Debug|Any CPU.Build.0 = Debug|Any CPU
		{88AF1F3A-A264-483C-9F63-CB2C8465D9F3}.Debug|ARM.ActiveCfg = Debug|Any CPU
		{88AF1F3A-A264-483C-9F63-CB2C8465D9F3}.Debug|ARM.Build.0 = Debug|Any CPU
		{88AF1F3A-A264-483C-9F63-CB2C8465D9F3}.Debug|x64.ActiveCfg = Debug|Any CPU
		{88AF1F3A-A264-483C-9F63-CB2C8465D9F3}.Debug|x64.Build.0 = Debug|Any CPU
		{88AF1F3A-A264-483C-9F63-CB2C8465D9F3}.Debug|x86.ActiveCfg = Debug|Any CPU
		{88AF1F3A-A264-483C-9F63-CB2C8465D9F3}.Debug|x86.Build.0 = Debug|Any CPU
		{88AF1F3A-A264-483C-9F63-CB2C8465D9F3}.Release|Any CPU.ActiveCfg = Release|Any CPU
		{88AF1F3A-A264-483C-9F63-CB2C8465D9F3}.Release|Any CPU.Build.0 = Release|Any CPU
		{88AF1F3A-A264-483C-9F63-CB2C8465D9F3}.Release|ARM.ActiveCfg = Release|Any CPU
		{88AF1F3A-A264-483C-9F63-CB2C8465D9F3}.Release|ARM.Build.0 = Release|Any CPU
		{88AF1F3A-A264-483C-9F63-CB2C8465D9F3}.Release|x64.ActiveCfg = Release|Any CPU
		{88AF1F3A-A264-483C-9F63-CB2C8465D9F3}.Release|x64.Build.0 = Release|Any CPU
		{88AF1F3A-A264-483C-9F63-CB2C8465D9F3}.Release|x86.ActiveCfg = Release|Any CPU
		{88AF1F3A-A264-483C-9F63-CB2C8465D9F3}.Release|x86.Build.0 = Release|Any CPU
		{88AF1F3A-A264-483C-9F63-CB2C8465D9F3}.Test|Any CPU.ActiveCfg = Test|Any CPU
		{88AF1F3A-A264-483C-9F63-CB2C8465D9F3}.Test|Any CPU.Build.0 = Test|Any CPU
		{88AF1F3A-A264-483C-9F63-CB2C8465D9F3}.Test|ARM.ActiveCfg = Test|Any CPU
		{88AF1F3A-A264-483C-9F63-CB2C8465D9F3}.Test|ARM.Build.0 = Test|Any CPU
		{88AF1F3A-A264-483C-9F63-CB2C8465D9F3}.Test|x64.ActiveCfg = Test|Any CPU
		{88AF1F3A-A264-483C-9F63-CB2C8465D9F3}.Test|x64.Build.0 = Test|Any CPU
		{88AF1F3A-A264-483C-9F63-CB2C8465D9F3}.Test|x86.ActiveCfg = Test|Any CPU
		{88AF1F3A-A264-483C-9F63-CB2C8465D9F3}.Test|x86.Build.0 = Test|Any CPU
		{71A56303-C495-4211-9521-F3098210F687}.All|Any CPU.ActiveCfg = Debug|Any CPU
		{71A56303-C495-4211-9521-F3098210F687}.All|Any CPU.Build.0 = Debug|Any CPU
		{71A56303-C495-4211-9521-F3098210F687}.All|ARM.ActiveCfg = Debug|Any CPU
		{71A56303-C495-4211-9521-F3098210F687}.All|ARM.Build.0 = Debug|Any CPU
		{71A56303-C495-4211-9521-F3098210F687}.All|x64.ActiveCfg = Debug|Any CPU
		{71A56303-C495-4211-9521-F3098210F687}.All|x64.Build.0 = Debug|Any CPU
		{71A56303-C495-4211-9521-F3098210F687}.All|x86.ActiveCfg = Debug|Any CPU
		{71A56303-C495-4211-9521-F3098210F687}.All|x86.Build.0 = Debug|Any CPU
		{71A56303-C495-4211-9521-F3098210F687}.Debug|Any CPU.ActiveCfg = Debug|Any CPU
		{71A56303-C495-4211-9521-F3098210F687}.Debug|Any CPU.Build.0 = Debug|Any CPU
		{71A56303-C495-4211-9521-F3098210F687}.Debug|ARM.ActiveCfg = Debug|Any CPU
		{71A56303-C495-4211-9521-F3098210F687}.Debug|ARM.Build.0 = Debug|Any CPU
		{71A56303-C495-4211-9521-F3098210F687}.Debug|x64.ActiveCfg = Debug|Any CPU
		{71A56303-C495-4211-9521-F3098210F687}.Debug|x64.Build.0 = Debug|Any CPU
		{71A56303-C495-4211-9521-F3098210F687}.Debug|x86.ActiveCfg = Debug|Any CPU
		{71A56303-C495-4211-9521-F3098210F687}.Debug|x86.Build.0 = Debug|Any CPU
		{71A56303-C495-4211-9521-F3098210F687}.Release|Any CPU.ActiveCfg = Release|Any CPU
		{71A56303-C495-4211-9521-F3098210F687}.Release|Any CPU.Build.0 = Release|Any CPU
		{71A56303-C495-4211-9521-F3098210F687}.Release|ARM.ActiveCfg = Release|Any CPU
		{71A56303-C495-4211-9521-F3098210F687}.Release|ARM.Build.0 = Release|Any CPU
		{71A56303-C495-4211-9521-F3098210F687}.Release|x64.ActiveCfg = Release|Any CPU
		{71A56303-C495-4211-9521-F3098210F687}.Release|x64.Build.0 = Release|Any CPU
		{71A56303-C495-4211-9521-F3098210F687}.Release|x86.ActiveCfg = Release|Any CPU
		{71A56303-C495-4211-9521-F3098210F687}.Release|x86.Build.0 = Release|Any CPU
		{71A56303-C495-4211-9521-F3098210F687}.Test|Any CPU.ActiveCfg = Test|Any CPU
		{71A56303-C495-4211-9521-F3098210F687}.Test|Any CPU.Build.0 = Test|Any CPU
		{71A56303-C495-4211-9521-F3098210F687}.Test|ARM.ActiveCfg = Test|Any CPU
		{71A56303-C495-4211-9521-F3098210F687}.Test|x64.ActiveCfg = Test|Any CPU
		{71A56303-C495-4211-9521-F3098210F687}.Test|x86.ActiveCfg = Test|Win32
		{71A56303-C495-4211-9521-F3098210F687}.Test|x86.Build.0 = Test|Win32
	EndGlobalSection
	GlobalSection(SolutionProperties) = preSolution
		HideSolutionNode = FALSE
	EndGlobalSection
	GlobalSection(ExtensibilityGlobals) = postSolution
		SolutionGuid = {20A316CE-4D37-4A92-B96B-1775665040BE}
	EndGlobalSection
EndGlobal
